{
  "name": "preview-markdown",
  "version": "0.1.0",
  "lockfileVersion": 1,
  "requires": true,
  "dependencies": {
    "highlight.js": {
      "version": "7.3.0",
      "resolved": "https://registry.npmjs.org/highlight.js/-/highlight.js-7.3.0.tgz",
      "integrity": "sha1-bF8PZOcHj2ZAK82/yJEQw/0bqZ8="
    },
    "marked": {
      "version": "0.2.10",
      "resolved": "https://registry.npmjs.org/marked/-/marked-0.2.10.tgz",
      "integrity": "sha1-1f1oJxyq5hxV0pHQe9UDTP9ec+4="
    }
  }
}
